{
    "name": "create_manifest",
    "version": "1.0.0",
    "lockfileVersion": 2,
    "requires": true,
    "packages": {
        "": {
            "name": "create_manifest",
            "version": "1.0.0",
            "devDependencies": {
                "@types/node": "^16.0.1",
                "typescript": "^4.3.4"
            }
        },
        "node_modules/@types/node": {
            "version": "16.11.28",
            "resolved": "https://registry.npmmirror.com/@types/node/-/node-16.11.28.tgz",
            "integrity": "sha512-l/y1ZZpWqevemVQmk0Q1TPohlJTul7u9ysq3bw6xlRDO8z+98JBI6gp4JS0OK8YkWUdYxnJU35H4vOzuiOFIag==",
            "dev": true
        },
        "node_modules/typescript": {
            "version": "4.6.3",
            "resolved": "https://registry.npmmirror.com/typescript/-/typescript-4.6.3.tgz",
            "integrity": "sha512-yNIatDa5iaofVozS/uQJEl3JRWLKKGJKh6Yaiv0GLGSuhpFJe7P3SbHZ8/yjAHRQwKRoA6YZqlfjXWmVzoVSMw==",
            "dev": true,
            "bin": {
                "tsc": "bin/tsc",
                "tsserver": "bin/tsserver"
            },
            "engines": {
                "node": ">=4.2.0"
            }
        }
    },
    "dependencies": {
        "@types/node": {
            "version": "16.11.28",
            "resolved": "https://registry.npmmirror.com/@types/node/-/node-16.11.28.tgz",
            "integrity": "sha512-l/y1ZZpWqevemVQmk0Q1TPohlJTul7u9ysq3bw6xlRDO8z+98JBI6gp4JS0OK8YkWUdYxnJU35H4vOzuiOFIag==",
            "dev": true
        },
        "typescript": {
            "version": "4.6.3",
            "resolved": "https://registry.npmmirror.com/typescript/-/typescript-4.6.3.tgz",
            "integrity": "sha512-yNIatDa5iaofVozS/uQJEl3JRWLKKGJKh6Yaiv0GLGSuhpFJe7P3SbHZ8/yjAHRQwKRoA6YZqlfjXWmVzoVSMw==",
            "dev": true
        }
    }
}
